
Microsoft Visual Studio Solution File, Format Version 12.00
# Visual Studio Version 16
VisualStudioVersion = 16.0.31321.278
MinimumVisualStudioVersion = 10.0.40219.1
Project("{FAE04EC0-301F-11D3-BF4B-00C04F79EFBC}") = "XamarinForms101_Localization.Android", "XamarinForms101_Localization.Android\XamarinForms101_Localization.Android.csproj", "{54B4E09E-AD96-406C-A48E-95215922D3ED}"
EndProject
Project("{FAE04EC0-301F-11D3-BF4B-00C04F79EFBC}") = "XamarinForms101_Localization", "XamarinForms101_Localization\XamarinForms101_Localization.csproj", "{0A683382-2EED-4CB4-AA60-62FAA869F862}"
EndProject
Global
	GlobalSection(SolutionConfigurationPlatforms) = preSolution
		Debug|Any CPU = Debug|Any CPU
		Release|Any CPU = Release|Any CPU
	EndGlobalSection
	GlobalSection(ProjectConfigurationPlatforms) = postSolution
		{54B4E09E-AD96-406C-A48E-95215922D3ED}.Debug|Any CPU.ActiveCfg = Debug|Any CPU
		{54B4E09E-AD96-406C-A48E-95215922D3ED}.Debug|Any CPU.Build.0 = Debug|Any CPU
		{54B4E09E-AD96-406C-A48E-95215922D3ED}.Debug|Any CPU.Deploy.0 = Debug|Any CPU
		{54B4E09E-AD96-406C-A48E-95215922D3ED}.Release|Any CPU.ActiveCfg = Release|Any CPU
		{54B4E09E-AD96-406C-A48E-95215922D3ED}.Release|Any CPU.Build.0 = Release|Any CPU
		{54B4E09E-AD96-406C-A48E-95215922D3ED}.Release|Any CPU.Deploy.0 = Release|Any CPU
		{0A683382-2EED-4CB4-AA60-62FAA869F862}.Debug|Any CPU.ActiveCfg = Debug|Any CPU
		{0A683382-2EED-4CB4-AA60-62FAA869F862}.Debug|Any CPU.Build.0 = Debug|Any CPU
		{0A683382-2EED-4CB4-AA60-62FAA869F862}.Debug|Any CPU.Deploy.0 = Debug|Any CPU
		{0A683382-2EED-4CB4-AA60-62FAA869F862}.Release|Any CPU.ActiveCfg = Release|Any CPU
		{0A683382-2EED-4CB4-AA60-62FAA869F862}.Release|Any CPU.Build.0 = Release|Any CPU
		{0A683382-2EED-4CB4-AA60-62FAA869F862}.Release|Any CPU.Deploy.0 = Release|Any CPU
	EndGlobalSection
	GlobalSection(SolutionProperties) = preSolution
		HideSolutionNode = FALSE
	EndGlobalSection
	GlobalSection(ExtensibilityGlobals) = postSolution
		SolutionGuid = {85B52034-3FB3-4BA3-B2D8-E605A4C1F1D7}
	EndGlobalSection
EndGlobal
